
Microsoft Visual Studio Solution File, Format Version 12.00
# Visual Studio Version 17
VisualStudioVersion = 17.2.32526.322
MinimumVisualStudioVersion = 10.0.40219.1
Project("{FAE04EC0-301F-11D3-BF4B-00C04F79EFBC}") = "UnitConverter", "UnitConverter.csproj", "{CC4AF856-6E71-4428-BE9E-C6F64896561B}"
EndProject
Global
	GlobalSection(SolutionConfigurationPlatforms) = preSolution
		Debug|Any CPU = Debug|Any CPU
		Release|Any CPU = Release|Any CPU
	EndGlobalSection
	GlobalSection(ProjectConfigurationPlatforms) = postSolution
		{CC4AF856-6E71-4428-BE9E-C6F64896561B}.Debug|Any CPU.ActiveCfg = Debug|Any CPU
		{CC4AF856-6E71-4428-BE9E-C6F64896561B}.Debug|Any CPU.Build.0 = Debug|Any CPU
		{CC4AF856-6E71-4428-BE9E-C6F64896561B}.Release|Any CPU.ActiveCfg = Release|Any CPU
		{CC4AF856-6E71-4428-BE9E-C6F64896561B}.Release|Any CPU.Build.0 = Release|Any CPU
	EndGlobalSection
	GlobalSection(SolutionProperties) = preSolution
		HideSolutionNode = FALSE
	EndGlobalSection
	GlobalSection(ExtensibilityGlobals) = postSolution
		SolutionGuid = {5D854448-E072-415A-987D-E162800355A2}
	EndGlobalSection
EndGlobal
